
Microsoft Visual Studio Solution File, Format Version 12.00
# Visual Studio Version 17
VisualStudioVersion = 17.13.35806.99 d17.13
MinimumVisualStudioVersion = 10.0.40219.1
Project("{FAE04EC0-301F-11D3-BF4B-00C04F79EFBC}") = "BRD_NF_4_7_2_TRANSMISSAO", "BRD_NF_4_7_2_TRANSMISSAO.csproj", "{1350EDF1-758C-4600-8AB4-8EF5DEFC050E}"
EndProject
Global
	GlobalSection(SolutionConfigurationPlatforms) = preSolution
		Debug|Any CPU = Debug|Any CPU
		Release|Any CPU = Release|Any CPU
	EndGlobalSection
	GlobalSection(ProjectConfigurationPlatforms) = postSolution
		{1350EDF1-758C-4600-8AB4-8EF5DEFC050E}.Debug|Any CPU.ActiveCfg = Debug|Any CPU
		{1350EDF1-758C-4600-8AB4-8EF5DEFC050E}.Debug|Any CPU.Build.0 = Debug|Any CPU
		{1350EDF1-758C-4600-8AB4-8EF5DEFC050E}.Release|Any CPU.ActiveCfg = Release|Any CPU
		{1350EDF1-758C-4600-8AB4-8EF5DEFC050E}.Release|Any CPU.Build.0 = Release|Any CPU
	EndGlobalSection
	GlobalSection(SolutionProperties) = preSolution
		HideSolutionNode = FALSE
	EndGlobalSection
	GlobalSection(ExtensibilityGlobals) = postSolution
		SolutionGuid = {46442F8E-069D-446E-9D6D-E1857D6AA305}
	EndGlobalSection
EndGlobal
